
Microsoft Visual Studio Solution File, Format Version 12.00
# Visual Studio Version 17
VisualStudioVersion = 17.4.33110.190
MinimumVisualStudioVersion = 10.0.40219.1
Project("{FAE04EC0-301F-11D3-BF4B-00C04F79EFBC}") = "Words", "Words.csproj", "{FFD2F854-5558-4593-82AB-F87506716A4A}"
EndProject
Global
	GlobalSection(SolutionConfigurationPlatforms) = preSolution
		Debug|Any CPU = Debug|Any CPU
		Release|Any CPU = Release|Any CPU
	EndGlobalSection
	GlobalSection(ProjectConfigurationPlatforms) = postSolution
		{FFD2F854-5558-4593-82AB-F87506716A4A}.Debug|Any CPU.ActiveCfg = Debug|Any CPU
		{FFD2F854-5558-4593-82AB-F87506716A4A}.Debug|Any CPU.Build.0 = Debug|Any CPU
		{FFD2F854-5558-4593-82AB-F87506716A4A}.Release|Any CPU.ActiveCfg = Release|Any CPU
		{FFD2F854-5558-4593-82AB-F87506716A4A}.Release|Any CPU.Build.0 = Release|Any CPU
	EndGlobalSection
	GlobalSection(SolutionProperties) = preSolution
		HideSolutionNode = FALSE
	EndGlobalSection
	GlobalSection(ExtensibilityGlobals) = postSolution
		SolutionGuid = {685F80F4-F888-4F93-B8F8-A7E5ACC94ACC}
	EndGlobalSection
EndGlobal
